lockVersion: 2.0.0
id: 0c60bc8f-bcb8-4cfe-b394-1d2b82cccbd7
management:
  docChecksum: fccfbcdba7e8ff6d0d82dfc68d248ddc
  docVersion: 1.0.0
  speakeasyVersion: 1.297.0
  generationVersion: 2.338.1
  releaseVersion: 0.0.2
  configChecksum: bd96545006366a31641d8c525c2dd7da
  repoURL: https://github.com/ndimares/ndimares-bar-typescript.git
  installationURL: https://github.com/ndimares/ndimares-bar-typescript
features:
  typescript:
    additionalDependencies: 0.1.0
    callbacks: 1.0.0
    core: 3.9.9
    errors: 2.81.10
    examples: 2.81.4
    flattening: 2.81.1
    globalSecurity: 2.82.9
    globalSecurityCallbacks: 0.1.0
    globalServerURLs: 2.82.4
    inputOutputModels: 2.82.0
    methodSecurity: 2.82.4
    methodServerURLs: 2.82.1
    responseFormat: 0.2.3
    retries: 2.83.0
    sdkHooks: 0.1.0
    serverIDs: 2.81.2
    webhooks: 1.0.0
generatedFiles:
  - src/sdk/authentication.ts
  - src/sdk/drinks.ts
  - src/sdk/ingredients.ts
  - src/sdk/orders.ts
  - src/sdk/config.ts
  - src/sdk/sdk.ts
  - .eslintrc.js
  - .npmignore
  - RUNTIMES.md
  - jsr.json
  - package.json
  - src/index.ts
  - src/lib/base64.ts
  - src/lib/config.ts
  - src/lib/encodings.ts
  - src/lib/http.ts
  - src/lib/is-plain-object.ts
  - src/lib/retries.ts
  - src/lib/schemas.ts
  - src/lib/sdks.ts
  - src/lib/security.ts
  - src/lib/url.ts
  - src/sdk/index.ts
  - src/models/errors/sdkerror.ts
  - src/models/errors/sdkvalidationerror.ts
  - src/types/blobs.ts
  - src/types/enums.ts
  - src/types/index.ts
  - src/types/operations.ts
  - src/types/rfcdate.ts
  - tsconfig.json
  - src/models/operations/login.ts
  - src/models/operations/listdrinks.ts
  - src/models/operations/getdrink.ts
  - src/models/operations/listingredients.ts
  - src/models/operations/createorder.ts
  - src/models/operations/subscribetowebhooks.ts
  - src/models/components/error.ts
  - src/models/components/httpmetadata.ts
  - src/models/components/drink.ts
  - src/models/components/drinktype.ts
  - src/models/components/ingredient.ts
  - src/models/components/ingredienttype.ts
  - src/models/components/order.ts
  - src/models/components/ordertype.ts
  - src/models/components/orderinput.ts
  - src/models/components/security.ts
  - src/models/components/ingredientinput.ts
  - src/models/components/drinkinput.ts
  - src/models/errors/apierror.ts
  - src/models/errors/badrequest.ts
  - src/models/callbacks/createorder.ts
  - src/models/webhooks/stockupdate.ts
  - src/models/errors/index.ts
  - src/models/operations/index.ts
  - src/models/components/index.ts
  - src/models/callbacks/index.ts
  - src/models/webhooks/index.ts
  - docs/models/operations/loginsecurity.md
  - docs/models/operations/type.md
  - docs/models/operations/loginrequestbody.md
  - docs/models/operations/loginresponsebody.md
  - docs/models/operations/loginresponse.md
  - docs/models/operations/listdrinkssecurity.md
  - docs/models/operations/listdrinksrequest.md
  - docs/models/operations/listdrinksresponse.md
  - docs/models/operations/getdrinkrequest.md
  - docs/models/operations/getdrinkresponse.md
  - docs/models/operations/listingredientsrequest.md
  - docs/models/operations/listingredientsresponse.md
  - docs/models/operations/createorderrequest.md
  - docs/models/operations/createorderresponse.md
  - docs/models/operations/webhook.md
  - docs/models/operations/requestbody.md
  - docs/models/operations/subscribetowebhooksresponse.md
  - docs/models/components/errort.md
  - docs/models/components/httpmetadata.md
  - docs/models/components/drink.md
  - docs/models/components/drinktype.md
  - docs/models/components/ingredient.md
  - docs/models/components/ingredienttype.md
  - docs/models/components/status.md
  - docs/models/components/order.md
  - docs/models/components/ordertype.md
  - docs/models/components/orderinput.md
  - docs/models/components/security.md
  - docs/models/components/ingredientinput.md
  - docs/models/components/drinkinput.md
  - docs/models/errors/apierror.md
  - docs/models/errors/badrequest.md
  - docs/models/callbacks/createorderorderupdateresponse.md
  - docs/models/callbacks/createorderorderupdaterequestbody.md
  - docs/models/webhooks/stockupdateresponse.md
  - docs/models/webhooks/stockupdaterequestbody.md
  - docs/sdks/ndimaresbar/README.md
  - docs/sdks/authentication/README.md
  - docs/sdks/drinks/README.md
  - docs/sdks/ingredients/README.md
  - docs/sdks/orders/README.md
  - docs/lib/utils/retryconfig.md
  - docs/sdks/config/README.md
  - USAGE.md
  - .gitattributes
  - src/hooks/hooks.ts
  - src/hooks/types.ts
  - src/hooks/index.ts
