speakeasyVersion: 1.297.0
sources:
    openapi:
        sourceNamespace: openapi
        sourceRevisionDigest: sha256:9f47fdf9af0fcef858dd78e550f37e2e41895f595113d75fc4dc3e012ad2c799
        sourceBlobDigest: sha256:8a8a26ee0d2057a10f325af3fbbd9f863d6b2c24f7bcd2baf8771ab478ebe7c5
        tags:
            - latest
            - main
targets:
    my-first-target:
        source: openapi
        sourceNamespace: openapi
        sourceRevisionDigest: sha256:9f47fdf9af0fcef858dd78e550f37e2e41895f595113d75fc4dc3e012ad2c799
        sourceBlobDigest: sha256:8a8a26ee0d2057a10f325af3fbbd9f863d6b2c24f7bcd2baf8771ab478ebe7c5
        outLocation: /github/workspace/repo
workflow:
    workflowVersion: 1.0.0
    speakeasyVersion: latest
    sources:
        openapi:
            inputs:
                - location: ./openapi.yaml
            registry:
                location: registry.speakeasyapi.dev/nolan-sdks/nolan-sdks/openapi
    targets:
        my-first-target:
            target: typescript
            source: openapi
