speakeasyVersion: 1.476.2
sources:
    openapi:
        sourceNamespace: openapi
        sourceRevisionDigest: sha256:1e294f86632908e88012626e638c718bf638f89f9225e99202e938a83f85c1b6
        sourceBlobDigest: sha256:451a5a0c07ee22392d010a2f8886b2add16606e6523ed2cd0c16b745d0ee484d
        tags:
            - latest
            - speakeasy-sdk-regen-1737851121
            - 1.0.0
targets:
    my-first-target:
        source: openapi
        sourceNamespace: openapi
        sourceRevisionDigest: sha256:1e294f86632908e88012626e638c718bf638f89f9225e99202e938a83f85c1b6
        sourceBlobDigest: sha256:451a5a0c07ee22392d010a2f8886b2add16606e6523ed2cd0c16b745d0ee484d
        codeSamplesNamespace: openapi-typescript-code-samples
        codeSamplesRevisionDigest: sha256:aa0fcf49ab9676f97978105388591e08d97200e2677225eaa8d1eaa976d9eba3
workflow:
    workflowVersion: 1.0.0
    speakeasyVersion: latest
    sources:
        openapi:
            inputs:
                - location: ./openapi.yaml
            registry:
                location: registry.speakeasyapi.dev/nolan-sdks/nolan-sdks/openapi
    targets:
        my-first-target:
            target: typescript
            source: openapi
            codeSamples:
                registry:
                    location: registry.speakeasyapi.dev/nolan-sdks/nolan-sdks/openapi-typescript-code-samples
                labelOverride:
                    fixedValue: Typescript (SDK)
                blocking: false
